
Microsoft Visual Studio Solution File, Format Version 12.00
# Visual Studio Version 17
VisualStudioVersion = 17.2.32526.322
MinimumVisualStudioVersion = 10.0.40219.1
Project("{FAE04EC0-301F-11D3-BF4B-00C04F79EFBC}") = "AsyncAwait", "AsyncAwait\AsyncAwait.csproj", "{667DEBF2-4251-44E0-B7A2-0434A6EE13FE}"
EndProject
Global
	GlobalSection(SolutionConfigurationPlatforms) = preSolution
		Debug|Any CPU = Debug|Any CPU
		Release|Any CPU = Release|Any CPU
	EndGlobalSection
	GlobalSection(ProjectConfigurationPlatforms) = postSolution
		{667DEBF2-4251-44E0-B7A2-0434A6EE13FE}.Debug|Any CPU.ActiveCfg = Debug|Any CPU
		{667DEBF2-4251-44E0-B7A2-0434A6EE13FE}.Debug|Any CPU.Build.0 = Debug|Any CPU
		{667DEBF2-4251-44E0-B7A2-0434A6EE13FE}.Release|Any CPU.ActiveCfg = Release|Any CPU
		{667DEBF2-4251-44E0-B7A2-0434A6EE13FE}.Release|Any CPU.Build.0 = Release|Any CPU
	EndGlobalSection
	GlobalSection(SolutionProperties) = preSolution
		HideSolutionNode = FALSE
	EndGlobalSection
	GlobalSection(ExtensibilityGlobals) = postSolution
		SolutionGuid = {FA9B005D-668F-4E11-977F-56A45CEECE84}
	EndGlobalSection
EndGlobal
